
Microsoft Visual Studio Solution File, Format Version 12.00
# Visual Studio 14
VisualStudioVersion = 14.0.25420.1
MinimumVisualStudioVersion = 10.0.40219.1
Project("{FAE04EC0-301F-11D3-BF4B-00C04F79EFBC}") = "Servidor", "Obligatorio Programacion de Redes\Servidor.csproj", "{449EA93A-6789-4591-BB21-2873B2E866B2}"
EndProject
Project("{FAE04EC0-301F-11D3-BF4B-00C04F79EFBC}") = "Cliente", "Cliente\Cliente.csproj", "{B549C0D2-2AF9-4B1F-BF3F-520F1E263005}"
EndProject
Project("{FAE04EC0-301F-11D3-BF4B-00C04F79EFBC}") = "Protocols", "Protocols\Protocols.csproj", "{F5FC366D-0C11-410F-8021-A556A7E46849}"
EndProject
Project("{FAE04EC0-301F-11D3-BF4B-00C04F79EFBC}") = "ClienteWCF", "ClienteWCF\ClienteWCF.csproj", "{F6258CFE-B1D8-4E44-B918-014FCF7FE216}"
EndProject
Project("{FAE04EC0-301F-11D3-BF4B-00C04F79EFBC}") = "IRemotingAdminService", "IRemoting\IRemotingAdminService.csproj", "{87277740-4B4C-4B11-8EEE-13DAB8889CB3}"
EndProject
Project("{FAE04EC0-301F-11D3-BF4B-00C04F79EFBC}") = "Models", "Models\Models.csproj", "{93DBC451-7316-46AB-B05F-657E7BE81D4D}"
EndProject
Project("{FAE04EC0-301F-11D3-BF4B-00C04F79EFBC}") = "RemotingConsumer", "RemotingConsumer\RemotingConsumer.csproj", "{E0852988-B204-42D9-9A72-3EC70BC4A48B}"
EndProject
Project("{FAE04EC0-301F-11D3-BF4B-00C04F79EFBC}") = "AdminMaintenance", "AdminMaintenance\AdminMaintenance.csproj", "{6F433E5F-2F0E-4E6B-ABED-E9044884F52E}"
EndProject
Global
	GlobalSection(SolutionConfigurationPlatforms) = preSolution
		Debug|Any CPU = Debug|Any CPU
		Release|Any CPU = Release|Any CPU
	EndGlobalSection
	GlobalSection(ProjectConfigurationPlatforms) = postSolution
		{449EA93A-6789-4591-BB21-2873B2E866B2}.Debug|Any CPU.ActiveCfg = Debug|Any CPU
		{449EA93A-6789-4591-BB21-2873B2E866B2}.Debug|Any CPU.Build.0 = Debug|Any CPU
		{449EA93A-6789-4591-BB21-2873B2E866B2}.Release|Any CPU.ActiveCfg = Release|Any CPU
		{449EA93A-6789-4591-BB21-2873B2E866B2}.Release|Any CPU.Build.0 = Release|Any CPU
		{B549C0D2-2AF9-4B1F-BF3F-520F1E263005}.Debug|Any CPU.ActiveCfg = Debug|Any CPU
		{B549C0D2-2AF9-4B1F-BF3F-520F1E263005}.Debug|Any CPU.Build.0 = Debug|Any CPU
		{B549C0D2-2AF9-4B1F-BF3F-520F1E263005}.Release|Any CPU.ActiveCfg = Release|Any CPU
		{B549C0D2-2AF9-4B1F-BF3F-520F1E263005}.Release|Any CPU.Build.0 = Release|Any CPU
		{F5FC366D-0C11-410F-8021-A556A7E46849}.Debug|Any CPU.ActiveCfg = Debug|Any CPU
		{F5FC366D-0C11-410F-8021-A556A7E46849}.Debug|Any CPU.Build.0 = Debug|Any CPU
		{F5FC366D-0C11-410F-8021-A556A7E46849}.Release|Any CPU.ActiveCfg = Release|Any CPU
		{F5FC366D-0C11-410F-8021-A556A7E46849}.Release|Any CPU.Build.0 = Release|Any CPU
		{F6258CFE-B1D8-4E44-B918-014FCF7FE216}.Debug|Any CPU.ActiveCfg = Debug|Any CPU
		{F6258CFE-B1D8-4E44-B918-014FCF7FE216}.Debug|Any CPU.Build.0 = Debug|Any CPU
		{F6258CFE-B1D8-4E44-B918-014FCF7FE216}.Release|Any CPU.ActiveCfg = Release|Any CPU
		{F6258CFE-B1D8-4E44-B918-014FCF7FE216}.Release|Any CPU.Build.0 = Release|Any CPU
		{87277740-4B4C-4B11-8EEE-13DAB8889CB3}.Debug|Any CPU.ActiveCfg = Debug|Any CPU
		{87277740-4B4C-4B11-8EEE-13DAB8889CB3}.Debug|Any CPU.Build.0 = Debug|Any CPU
		{87277740-4B4C-4B11-8EEE-13DAB8889CB3}.Release|Any CPU.ActiveCfg = Release|Any CPU
		{87277740-4B4C-4B11-8EEE-13DAB8889CB3}.Release|Any CPU.Build.0 = Release|Any CPU
		{93DBC451-7316-46AB-B05F-657E7BE81D4D}.Debug|Any CPU.ActiveCfg = Debug|Any CPU
		{93DBC451-7316-46AB-B05F-657E7BE81D4D}.Debug|Any CPU.Build.0 = Debug|Any CPU
		{93DBC451-7316-46AB-B05F-657E7BE81D4D}.Release|Any CPU.ActiveCfg = Release|Any CPU
		{93DBC451-7316-46AB-B05F-657E7BE81D4D}.Release|Any CPU.Build.0 = Release|Any CPU
		{E0852988-B204-42D9-9A72-3EC70BC4A48B}.Debug|Any CPU.ActiveCfg = Debug|Any CPU
		{E0852988-B204-42D9-9A72-3EC70BC4A48B}.Debug|Any CPU.Build.0 = Debug|Any CPU
		{E0852988-B204-42D9-9A72-3EC70BC4A48B}.Release|Any CPU.ActiveCfg = Release|Any CPU
		{E0852988-B204-42D9-9A72-3EC70BC4A48B}.Release|Any CPU.Build.0 = Release|Any CPU
		{6F433E5F-2F0E-4E6B-ABED-E9044884F52E}.Debug|Any CPU.ActiveCfg = Debug|Any CPU
		{6F433E5F-2F0E-4E6B-ABED-E9044884F52E}.Debug|Any CPU.Build.0 = Debug|Any CPU
		{6F433E5F-2F0E-4E6B-ABED-E9044884F52E}.Release|Any CPU.ActiveCfg = Release|Any CPU
		{6F433E5F-2F0E-4E6B-ABED-E9044884F52E}.Release|Any CPU.Build.0 = Release|Any CPU
	EndGlobalSection
	GlobalSection(SolutionProperties) = preSolution
		HideSolutionNode = FALSE
	EndGlobalSection
EndGlobal
